
Microsoft Visual Studio Solution File, Format Version 12.00
# Visual Studio 16
Project("{FAE04EC0-301F-11D3-BF4B-00C04F79EFBC}") = "Assembly-CSharp", "Assembly-CSharp.csproj", "{66A95E80-A725-342A-F5CC-9FA013D84480}"
EndProject
Project("{FAE04EC0-301F-11D3-BF4B-00C04F79EFBC}") = "Assembly-CSharp-firstpass", "Assembly-CSharp-firstpass.csproj", "{C659B6AA-3BAA-AC7E-55CC-EBFDFCD3487C}"
EndProject
Global
	GlobalSection(SolutionConfigurationPlatforms) = preSolution
		Debug|Any CPU = Debug|Any CPU
		Release|Any CPU = Release|Any CPU
	EndGlobalSection
	GlobalSection(ProjectConfigurationPlatforms) = postSolution
		{66A95E80-A725-342A-F5CC-9FA013D84480}.Debug|Any CPU.ActiveCfg = Debug|Any CPU
		{66A95E80-A725-342A-F5CC-9FA013D84480}.Debug|Any CPU.Build.0 = Debug|Any CPU
		{66A95E80-A725-342A-F5CC-9FA013D84480}.Release|Any CPU.ActiveCfg = Release|Any CPU
		{66A95E80-A725-342A-F5CC-9FA013D84480}.Release|Any CPU.Build.0 = Release|Any CPU
		{C659B6AA-3BAA-AC7E-55CC-EBFDFCD3487C}.Debug|Any CPU.ActiveCfg = Debug|Any CPU
		{C659B6AA-3BAA-AC7E-55CC-EBFDFCD3487C}.Debug|Any CPU.Build.0 = Debug|Any CPU
		{C659B6AA-3BAA-AC7E-55CC-EBFDFCD3487C}.Release|Any CPU.ActiveCfg = Release|Any CPU
		{C659B6AA-3BAA-AC7E-55CC-EBFDFCD3487C}.Release|Any CPU.Build.0 = Release|Any CPU
	EndGlobalSection
	GlobalSection(SolutionProperties) = preSolution
		HideSolutionNode = FALSE
	EndGlobalSection
EndGlobal
